
Microsoft Visual Studio Solution File, Format Version 12.00
# Visual Studio 2015
Project("{FAE04EC0-301F-11D3-BF4B-00C04F79EFBC}") = "ILYM", "ILYM.csproj", "{19A3929A-0BF0-EBAE-BFDB-268BE986246B}"
EndProject
Project("{FAE04EC0-301F-11D3-BF4B-00C04F79EFBC}") = "ILYM.Editor", "ILYM.Editor.csproj", "{EE1BC4E1-485D-EED7-204B-E8EC0656A005}"
EndProject
Global
	GlobalSection(SolutionConfigurationPlatforms) = preSolution
		Debug|Any CPU = Debug|Any CPU
		Release|Any CPU = Release|Any CPU
	EndGlobalSection
	GlobalSection(ProjectConfigurationPlatforms) = postSolution
		{19A3929A-0BF0-EBAE-BFDB-268BE986246B}.Debug|Any CPU.ActiveCfg = Debug|Any CPU
		{19A3929A-0BF0-EBAE-BFDB-268BE986246B}.Debug|Any CPU.Build.0 = Debug|Any CPU
		{19A3929A-0BF0-EBAE-BFDB-268BE986246B}.Release|Any CPU.ActiveCfg = Release|Any CPU
		{19A3929A-0BF0-EBAE-BFDB-268BE986246B}.Release|Any CPU.Build.0 = Release|Any CPU
		{EE1BC4E1-485D-EED7-204B-E8EC0656A005}.Debug|Any CPU.ActiveCfg = Debug|Any CPU
		{EE1BC4E1-485D-EED7-204B-E8EC0656A005}.Debug|Any CPU.Build.0 = Debug|Any CPU
		{EE1BC4E1-485D-EED7-204B-E8EC0656A005}.Release|Any CPU.ActiveCfg = Release|Any CPU
		{EE1BC4E1-485D-EED7-204B-E8EC0656A005}.Release|Any CPU.Build.0 = Release|Any CPU
	EndGlobalSection
	GlobalSection(SolutionProperties) = preSolution
		HideSolutionNode = FALSE
	EndGlobalSection
EndGlobal
