
Microsoft Visual Studio Solution File, Format Version 11.00
# Visual Studio 2010
Project("{FAE04EC0-301F-11D3-BF4B-00C04F79EFBC}") = "ILYM", "Assembly-CSharp.csproj", "{AF1BFFBE-A361-AE65-8D62-9DAED7F3283A}"
EndProject
Project("{FAE04EC0-301F-11D3-BF4B-00C04F79EFBC}") = "ILYM", "Assembly-CSharp-firstpass.csproj", "{F99F186E-05F3-3655-D62C-09450D8BA963}"
EndProject
Project("{FAE04EC0-301F-11D3-BF4B-00C04F79EFBC}") = "ILYM", "Assembly-CSharp-Editor.csproj", "{5C1A68FE-FF2A-B7D7-381D-787EFCCF1744}"
EndProject
Project("{FAE04EC0-301F-11D3-BF4B-00C04F79EFBC}") = "ILYM", "Assembly-CSharp-Editor-firstpass.csproj", "{B7E8037D-5DF0-6B1B-2BAB-0569923531E1}"
EndProject
Global
	GlobalSection(SolutionConfigurationPlatforms) = preSolution
		Debug|Any CPU = Debug|Any CPU
		Release|Any CPU = Release|Any CPU
	EndGlobalSection
	GlobalSection(ProjectConfigurationPlatforms) = postSolution
		{AF1BFFBE-A361-AE65-8D62-9DAED7F3283A}.Debug|Any CPU.ActiveCfg = Debug|Any CPU
		{AF1BFFBE-A361-AE65-8D62-9DAED7F3283A}.Debug|Any CPU.Build.0 = Debug|Any CPU
		{AF1BFFBE-A361-AE65-8D62-9DAED7F3283A}.Release|Any CPU.ActiveCfg = Release|Any CPU
		{AF1BFFBE-A361-AE65-8D62-9DAED7F3283A}.Release|Any CPU.Build.0 = Release|Any CPU
		{F99F186E-05F3-3655-D62C-09450D8BA963}.Debug|Any CPU.ActiveCfg = Debug|Any CPU
		{F99F186E-05F3-3655-D62C-09450D8BA963}.Debug|Any CPU.Build.0 = Debug|Any CPU
		{F99F186E-05F3-3655-D62C-09450D8BA963}.Release|Any CPU.ActiveCfg = Release|Any CPU
		{F99F186E-05F3-3655-D62C-09450D8BA963}.Release|Any CPU.Build.0 = Release|Any CPU
		{5C1A68FE-FF2A-B7D7-381D-787EFCCF1744}.Debug|Any CPU.ActiveCfg = Debug|Any CPU
		{5C1A68FE-FF2A-B7D7-381D-787EFCCF1744}.Debug|Any CPU.Build.0 = Debug|Any CPU
		{5C1A68FE-FF2A-B7D7-381D-787EFCCF1744}.Release|Any CPU.ActiveCfg = Release|Any CPU
		{5C1A68FE-FF2A-B7D7-381D-787EFCCF1744}.Release|Any CPU.Build.0 = Release|Any CPU
		{B7E8037D-5DF0-6B1B-2BAB-0569923531E1}.Debug|Any CPU.ActiveCfg = Debug|Any CPU
		{B7E8037D-5DF0-6B1B-2BAB-0569923531E1}.Debug|Any CPU.Build.0 = Debug|Any CPU
		{B7E8037D-5DF0-6B1B-2BAB-0569923531E1}.Release|Any CPU.ActiveCfg = Release|Any CPU
		{B7E8037D-5DF0-6B1B-2BAB-0569923531E1}.Release|Any CPU.Build.0 = Release|Any CPU
	EndGlobalSection
	GlobalSection(SolutionProperties) = preSolution
		HideSolutionNode = FALSE
	EndGlobalSection
	GlobalSection(MonoDevelopProperties) = preSolution
		StartupItem = Assembly-CSharp.csproj
	EndGlobalSection
EndGlobal
